Microsoft Visual Studio Solution File, Format Version 11.00
# Visual Studio 2008

Project("{F5E51AAC-A397-0880-5A2E-4DD8D56AEB62}") = "Eolin & the Golden Tree", "Assembly-CSharp.csproj", "{AA2EA346-4AC2-BE9B-6416-15DA397E55F1}"
EndProject
Project("{F5E51AAC-A397-0880-5A2E-4DD8D56AEB62}") = "Eolin & the Golden Tree", "Assembly-CSharp-Editor.csproj", "{DCE802A5-4D9C-4111-556E-3A7A77A6546B}"
EndProject
Global
	GlobalSection(SolutionConfigurationPlatforms) = preSolution
		Debug|Any CPU = Debug|Any CPU
		Release|Any CPU = Release|Any CPU
	EndGlobalSection
	GlobalSection(ProjectConfigurationPlatforms) = postSolution
		{AA2EA346-4AC2-BE9B-6416-15DA397E55F1}.Debug|Any CPU.ActiveCfg = Debug|Any CPU
		{AA2EA346-4AC2-BE9B-6416-15DA397E55F1}.Debug|Any CPU.Build.0 = Debug|Any CPU
		{AA2EA346-4AC2-BE9B-6416-15DA397E55F1}.Release|Any CPU.ActiveCfg = Release|Any CPU
		{AA2EA346-4AC2-BE9B-6416-15DA397E55F1}.Release|Any CPU.Build.0 = Release|Any CPU
		{DCE802A5-4D9C-4111-556E-3A7A77A6546B}.Debug|Any CPU.ActiveCfg = Debug|Any CPU
		{DCE802A5-4D9C-4111-556E-3A7A77A6546B}.Debug|Any CPU.Build.0 = Debug|Any CPU
		{DCE802A5-4D9C-4111-556E-3A7A77A6546B}.Release|Any CPU.ActiveCfg = Release|Any CPU
		{DCE802A5-4D9C-4111-556E-3A7A77A6546B}.Release|Any CPU.Build.0 = Release|Any CPU
	EndGlobalSection
	GlobalSection(SolutionProperties) = preSolution
		HideSolutionNode = FALSE
	EndGlobalSection
	GlobalSection(MonoDevelopProperties) = preSolution
		StartupItem = Assembly-CSharp.csproj
	EndGlobalSection
EndGlobal
